
Microsoft Visual Studio Solution File, Format Version 12.00
# Visual Studio 14
VisualStudioVersion = 14.0.25420.1
MinimumVisualStudioVersion = 10.0.40219.1
Project("{FAE04EC0-301F-11D3-BF4B-00C04F79EFBC}") = "Phyl.Cli", "Phyl.Cli\Phyl.Cli.csproj", "{1B0295A1-8895-4327-8507-37CE590DC1A5}"
EndProject
Project("{FAE04EC0-301F-11D3-BF4B-00C04F79EFBC}") = "Phyl.CodeAnalysis", "Phyl.CodeAnalysis\Phyl.CodeAnalysis.csproj", "{A525E497-4ECE-46B9-8474-261A2E5576E1}"
EndProject
Project("{FAE04EC0-301F-11D3-BF4B-00C04F79EFBC}") = "Phyl.Parser", "Phyl.Parser\Phyl.Parser.csproj", "{076F1DCD-5A3A-4E36-BE49-5C78AFAD48D1}"
EndProject
Global
	GlobalSection(SolutionConfigurationPlatforms) = preSolution
		Debug|Any CPU = Debug|Any CPU
		Debug|x64 = Debug|x64
		Debug|x86 = Debug|x86
		Release|Any CPU = Release|Any CPU
		Release|x64 = Release|x64
		Release|x86 = Release|x86
	EndGlobalSection
	GlobalSection(ProjectConfigurationPlatforms) = postSolution
		{1B0295A1-8895-4327-8507-37CE590DC1A5}.Debug|Any CPU.ActiveCfg = Debug|Any CPU
		{1B0295A1-8895-4327-8507-37CE590DC1A5}.Debug|Any CPU.Build.0 = Debug|Any CPU
		{1B0295A1-8895-4327-8507-37CE590DC1A5}.Debug|x64.ActiveCfg = Debug|Any CPU
		{1B0295A1-8895-4327-8507-37CE590DC1A5}.Debug|x64.Build.0 = Debug|Any CPU
		{1B0295A1-8895-4327-8507-37CE590DC1A5}.Debug|x86.ActiveCfg = Debug|Any CPU
		{1B0295A1-8895-4327-8507-37CE590DC1A5}.Debug|x86.Build.0 = Debug|Any CPU
		{1B0295A1-8895-4327-8507-37CE590DC1A5}.Release|Any CPU.ActiveCfg = Release|Any CPU
		{1B0295A1-8895-4327-8507-37CE590DC1A5}.Release|Any CPU.Build.0 = Release|Any CPU
		{1B0295A1-8895-4327-8507-37CE590DC1A5}.Release|x64.ActiveCfg = Release|Any CPU
		{1B0295A1-8895-4327-8507-37CE590DC1A5}.Release|x64.Build.0 = Release|Any CPU
		{1B0295A1-8895-4327-8507-37CE590DC1A5}.Release|x86.ActiveCfg = Release|Any CPU
		{1B0295A1-8895-4327-8507-37CE590DC1A5}.Release|x86.Build.0 = Release|Any CPU
		{A525E497-4ECE-46B9-8474-261A2E5576E1}.Debug|Any CPU.ActiveCfg = Debug|Any CPU
		{A525E497-4ECE-46B9-8474-261A2E5576E1}.Debug|Any CPU.Build.0 = Debug|Any CPU
		{A525E497-4ECE-46B9-8474-261A2E5576E1}.Debug|x64.ActiveCfg = Debug|Any CPU
		{A525E497-4ECE-46B9-8474-261A2E5576E1}.Debug|x64.Build.0 = Debug|Any CPU
		{A525E497-4ECE-46B9-8474-261A2E5576E1}.Debug|x86.ActiveCfg = Debug|Any CPU
		{A525E497-4ECE-46B9-8474-261A2E5576E1}.Debug|x86.Build.0 = Debug|Any CPU
		{A525E497-4ECE-46B9-8474-261A2E5576E1}.Release|Any CPU.ActiveCfg = Release|Any CPU
		{A525E497-4ECE-46B9-8474-261A2E5576E1}.Release|Any CPU.Build.0 = Release|Any CPU
		{A525E497-4ECE-46B9-8474-261A2E5576E1}.Release|x64.ActiveCfg = Release|Any CPU
		{A525E497-4ECE-46B9-8474-261A2E5576E1}.Release|x64.Build.0 = Release|Any CPU
		{A525E497-4ECE-46B9-8474-261A2E5576E1}.Release|x86.ActiveCfg = Release|Any CPU
		{A525E497-4ECE-46B9-8474-261A2E5576E1}.Release|x86.Build.0 = Release|Any CPU
		{076F1DCD-5A3A-4E36-BE49-5C78AFAD48D1}.Debug|Any CPU.ActiveCfg = Debug|Any CPU
		{076F1DCD-5A3A-4E36-BE49-5C78AFAD48D1}.Debug|Any CPU.Build.0 = Debug|Any CPU
		{076F1DCD-5A3A-4E36-BE49-5C78AFAD48D1}.Debug|x64.ActiveCfg = Debug|Any CPU
		{076F1DCD-5A3A-4E36-BE49-5C78AFAD48D1}.Debug|x64.Build.0 = Debug|Any CPU
		{076F1DCD-5A3A-4E36-BE49-5C78AFAD48D1}.Debug|x86.ActiveCfg = Debug|Any CPU
		{076F1DCD-5A3A-4E36-BE49-5C78AFAD48D1}.Debug|x86.Build.0 = Debug|Any CPU
		{076F1DCD-5A3A-4E36-BE49-5C78AFAD48D1}.Release|Any CPU.ActiveCfg = Release|Any CPU
		{076F1DCD-5A3A-4E36-BE49-5C78AFAD48D1}.Release|Any CPU.Build.0 = Release|Any CPU
		{076F1DCD-5A3A-4E36-BE49-5C78AFAD48D1}.Release|x64.ActiveCfg = Release|Any CPU
		{076F1DCD-5A3A-4E36-BE49-5C78AFAD48D1}.Release|x64.Build.0 = Release|Any CPU
		{076F1DCD-5A3A-4E36-BE49-5C78AFAD48D1}.Release|x86.ActiveCfg = Release|Any CPU
		{076F1DCD-5A3A-4E36-BE49-5C78AFAD48D1}.Release|x86.Build.0 = Release|Any CPU
	EndGlobalSection
	GlobalSection(SolutionProperties) = preSolution
		HideSolutionNode = FALSE
	EndGlobalSection
EndGlobal
